
Microsoft Visual Studio Solution File, Format Version 12.00
# Visual Studio Version 17
VisualStudioVersion = 17.4.33213.308
MinimumVisualStudioVersion = 10.0.40219.1
Project("{FAE04EC0-301F-11D3-BF4B-00C04F79EFBC}") = "CW9Threading", "CW9Threading\CW9Threading.csproj", "{0D3F41AF-D283-4D5B-8C8C-13734D7366DC}"
EndProject
Global
	GlobalSection(SolutionConfigurationPlatforms) = preSolution
		Debug|Any CPU = Debug|Any CPU
		Release|Any CPU = Release|Any CPU
	EndGlobalSection
	GlobalSection(ProjectConfigurationPlatforms) = postSolution
		{0D3F41AF-D283-4D5B-8C8C-13734D7366DC}.Debug|Any CPU.ActiveCfg = Debug|Any CPU
		{0D3F41AF-D283-4D5B-8C8C-13734D7366DC}.Debug|Any CPU.Build.0 = Debug|Any CPU
		{0D3F41AF-D283-4D5B-8C8C-13734D7366DC}.Release|Any CPU.ActiveCfg = Release|Any CPU
		{0D3F41AF-D283-4D5B-8C8C-13734D7366DC}.Release|Any CPU.Build.0 = Release|Any CPU
	EndGlobalSection
	GlobalSection(SolutionProperties) = preSolution
		HideSolutionNode = FALSE
	EndGlobalSection
	GlobalSection(ExtensibilityGlobals) = postSolution
		SolutionGuid = {4D0347BF-47E4-4412-973E-D7F2F9881657}
	EndGlobalSection
EndGlobal
